
Microsoft Visual Studio Solution File, Format Version 12.00
# Visual Studio 15
VisualStudioVersion = 15.0.28010.2046
MinimumVisualStudioVersion = 10.0.40219.1
Project("{9A19103F-16F7-4668-BE54-9A1E7A4F7556}") = "Metodos", "..\..\Metodos\Metodos.csproj", "{2876FE3D-7B3C-4AEE-9E98-3FE62EDB16C9}"
EndProject
Project("{9A19103F-16F7-4668-BE54-9A1E7A4F7556}") = "ejerciciosMetodos", "ejerciciosMetodos\ejerciciosMetodos.csproj", "{4CEA6097-00FF-49C2-968D-31BCE37CE288}"
EndProject
Global
	GlobalSection(SolutionConfigurationPlatforms) = preSolution
		Debug|Any CPU = Debug|Any CPU
		Release|Any CPU = Release|Any CPU
	EndGlobalSection
	GlobalSection(ProjectConfigurationPlatforms) = postSolution
		{2876FE3D-7B3C-4AEE-9E98-3FE62EDB16C9}.Debug|Any CPU.ActiveCfg = Debug|Any CPU
		{2876FE3D-7B3C-4AEE-9E98-3FE62EDB16C9}.Debug|Any CPU.Build.0 = Debug|Any CPU
		{2876FE3D-7B3C-4AEE-9E98-3FE62EDB16C9}.Release|Any CPU.ActiveCfg = Release|Any CPU
		{2876FE3D-7B3C-4AEE-9E98-3FE62EDB16C9}.Release|Any CPU.Build.0 = Release|Any CPU
		{4CEA6097-00FF-49C2-968D-31BCE37CE288}.Debug|Any CPU.ActiveCfg = Debug|Any CPU
		{4CEA6097-00FF-49C2-968D-31BCE37CE288}.Debug|Any CPU.Build.0 = Debug|Any CPU
		{4CEA6097-00FF-49C2-968D-31BCE37CE288}.Release|Any CPU.ActiveCfg = Release|Any CPU
		{4CEA6097-00FF-49C2-968D-31BCE37CE288}.Release|Any CPU.Build.0 = Release|Any CPU
	EndGlobalSection
	GlobalSection(SolutionProperties) = preSolution
		HideSolutionNode = FALSE
	EndGlobalSection
	GlobalSection(ExtensibilityGlobals) = postSolution
		SolutionGuid = {EFD56A97-3696-42BA-B44D-31B3D027F55C}
	EndGlobalSection
EndGlobal
